# DO NOT EDIT MANUALLY - Managed by Fern Replay
version: "1.0"
generations:
  - commit_sha: 409821046d64fe47802d1e9df109b372de1d998f
    tree_hash: a1fa7f44742cc06fa98bfc6c7691c1d85e4b7fcd
    timestamp: 2026-05-12T04:47:13.201Z
    cli_version: unknown
    generator_versions: {}
  - commit_sha: 10833198f7f22dc8865d845f315b3f437907409f
    tree_hash: df936340ef63377188bc24b5814c66a2d409ef82
    timestamp: 2026-05-21T10:33:44.550Z
    cli_version: unknown
    generator_versions:
      fernapi/fern-csharp-sdk: 2.66.5
  - commit_sha: 37f75e8c5a5b37f0d7a0250b398fbe938745aa74
    tree_hash: ceecc45d28906c6f68f55eaab7c16d4c26e65860
    timestamp: 2026-05-26T04:54:24.492Z
    cli_version: unknown
    generator_versions:
      fernapi/fern-csharp-sdk: 2.66.5
  - commit_sha: a512bdbe19d2fd38306aa649d016526a518ecc14
    tree_hash: ef6faabd362770a63617f08bf02adf0d0e6ae508
    timestamp: 2026-06-09T04:56:46.960Z
    cli_version: unknown
    generator_versions:
      fernapi/fern-csharp-sdk: 2.66.5
  - commit_sha: 25e621a6eb7584bd0761ac10041190771fa2b388
    tree_hash: 74a7cf305bf2f1a90799bc45819649f1a36146c5
    timestamp: 2026-07-08T14:50:39.416Z
    cli_version: unknown
    generator_versions:
      fernapi/fern-csharp-sdk: 2.72.1
  - commit_sha: 6d43cb21ef33ed0258702dd8e9c5259632963b9f
    tree_hash: 506f81e47749d997ebbbc925a6f1e7431bc2b7bf
    timestamp: 2026-07-14T04:33:07.399Z
    cli_version: unknown
    generator_versions:
      fernapi/fern-csharp-sdk: 2.72.1
current_generation: 6d43cb21ef33ed0258702dd8e9c5259632963b9f
patches:
  - id: patch-4a7a2c3e
    content_hash: sha256:afae223b4593598543491ca12e36149571f886b494dcf4311dcea092548f7bd0
    original_commit: 4a7a2c3e44bfc06c1f164a3c6ef0ae748ce3075b
    original_message: Adds extension to convert UserDateSchema to DateTime
    original_author: Kailash B <kailash.b@okta.com>
    base_generation: 6d43cb21ef33ed0258702dd8e9c5259632963b9f
    files:
      - tests/Auth0.ManagementApi.Test/Unit/Extensions/UserDateSchemaExtensionsTest.cs
    patch_content: |
      diff --git a/tests/Auth0.ManagementApi.Test/Unit/Extensions/UserDateSchemaExtensionsTest.cs b/tests/Auth0.ManagementApi.Test/Unit/Extensions/UserDateSchemaExtensionsTest.cs
      new file mode 100644
      index 00000000..7d867ca6
      --- /dev/null
      +++ b/tests/Auth0.ManagementApi.Test/Unit/Extensions/UserDateSchemaExtensionsTest.cs
      @@ -0,0 +1,95 @@
      +using NUnit.Framework;
      +
      +namespace Auth0.ManagementApi.Test.Unit.Extensions;
      +
      +[TestFixture]
      +public class UserDateSchemaExtensionsTest
      +{
      +    [Test]
      +    public void ToDateTime_WithValidIso8601String_ReturnsUtcDateTime()
      +    {
      +        var schema = UserDateSchema.FromString("2024-03-15T10:30:00.000Z");
      +
      +        var result = schema.ToDateTime();
      +
      +        Assert.That(result, Is.Not.Null);
      +        Assert.That(result!.Value, Is.EqualTo(new DateTime(2024, 3, 15, 10, 30, 0, DateTimeKind.Utc)));
      +        Assert.That(result.Value.Kind, Is.EqualTo(DateTimeKind.Utc));
      +    }
      +
      +    [Test]
      +    public void ToDateTime_WithNull_ReturnsNull()
      +    {
      +        UserDateSchema? schema = null;
      +
      +        var result = schema.ToDateTime();
      +
      +        Assert.That(result, Is.Null);
      +    }
      +
      +    [Test]
      +    public void ToDateTime_WithMapType_ReturnsNull()
      +    {
      +        var schema = UserDateSchema.FromMapOfStringToUnknown(new Dictionary<string, object?>
      +        {
      +            { "some_key", "some_value" }
      +        });
      +
      +        var result = schema.ToDateTime();
      +
      +        Assert.That(result, Is.Null);
      +    }
      +
      +    [Test]
      +    public void ToDateTime_WithMalformedString_ReturnsNull()
      +    {
      +        var schema = UserDateSchema.FromString("not-a-date");
      +
      +        var result = schema.ToDateTime();
      +
      +        Assert.That(result, Is.Null);
      +    }
      +
      +    [Test]
      +    public void ToDateTime_WithOffsetString_PreservesLocalKind()
      +    {
      +        var schema = UserDateSchema.FromString("2024-06-20T14:00:00.000+05:30");
      +
      +        var result = schema.ToDateTime();
      +        var expectedLocal = new DateTimeOffset(2024, 6, 20, 14, 0, 0, TimeSpan.FromMinutes(330)).LocalDateTime;
      +
      +        Assert.That(result, Is.Not.Null);
      +        Assert.That(result!.Value, Is.EqualTo(expectedLocal));
      +        Assert.That(result.Value.Kind, Is.EqualTo(DateTimeKind.Local));
      +    }
      +
      +    [Test]
      +    public void ToDateTime_WithDateTimeOffset_ReturnsUtcConverted()
      +    {
      +        var schema = UserDateSchema.FromString("2024-06-20T14:00:00.000+05:30");
      +
      +        var result = schema.ToDateTime(TimeZoneInfo.Utc);
      +
      +        Assert.That(result, Is.Not.Null);
      +        Assert.That(result!.Value.Kind, Is.EqualTo(DateTimeKind.Utc));
      +        Assert.That(result.Value, Is.EqualTo(new DateTime(2024, 6, 20, 8, 30, 0, DateTimeKind.Utc)));
      +    }
      +
      +    [Test]
      +    public void ToDateTime_WithMalformedStringAndTargetTimeZone_ReturnsNull()
      +    {
      +        var schema = UserDateSchema.FromString("not-a-date");
      +
      +        var result = schema.ToDateTime(TimeZoneInfo.Utc);
      +
      +        Assert.That(result, Is.Null);
      +    }
      +
      +    [Test]
      +    public void ToDateTime_WithNullTargetTimeZone_ThrowsArgumentNullException()
      +    {
      +        var schema = UserDateSchema.FromString("2024-03-15T10:30:00.000Z");
      +
      +        Assert.Throws<ArgumentNullException>(() => schema.ToDateTime(null!));
      +    }
      +}
    theirs_snapshot:
      tests/Auth0.ManagementApi.Test/Unit/Extensions/UserDateSchemaExtensionsTest.cs: |
        using NUnit.Framework;

        namespace Auth0.ManagementApi.Test.Unit.Extensions;

        [TestFixture]
        public class UserDateSchemaExtensionsTest
        {
            [Test]
            public void ToDateTime_WithValidIso8601String_ReturnsUtcDateTime()
            {
                var schema = UserDateSchema.FromString("2024-03-15T10:30:00.000Z");

                var result = schema.ToDateTime();

                Assert.That(result, Is.Not.Null);
                Assert.That(result!.Value, Is.EqualTo(new DateTime(2024, 3, 15, 10, 30, 0, DateTimeKind.Utc)));
                Assert.That(result.Value.Kind, Is.EqualTo(DateTimeKind.Utc));
            }

            [Test]
            public void ToDateTime_WithNull_ReturnsNull()
            {
                UserDateSchema? schema = null;

                var result = schema.ToDateTime();

                Assert.That(result, Is.Null);
            }

            [Test]
            public void ToDateTime_WithMapType_ReturnsNull()
            {
                var schema = UserDateSchema.FromMapOfStringToUnknown(new Dictionary<string, object?>
                {
                    { "some_key", "some_value" }
                });

                var result = schema.ToDateTime();

                Assert.That(result, Is.Null);
            }

            [Test]
            public void ToDateTime_WithMalformedString_ReturnsNull()
            {
                var schema = UserDateSchema.FromString("not-a-date");

                var result = schema.ToDateTime();

                Assert.That(result, Is.Null);
            }

            [Test]
            public void ToDateTime_WithOffsetString_PreservesLocalKind()
            {
                var schema = UserDateSchema.FromString("2024-06-20T14:00:00.000+05:30");

                var result = schema.ToDateTime();
                var expectedLocal = new DateTimeOffset(2024, 6, 20, 14, 0, 0, TimeSpan.FromMinutes(330)).LocalDateTime;

                Assert.That(result, Is.Not.Null);
                Assert.That(result!.Value, Is.EqualTo(expectedLocal));
                Assert.That(result.Value.Kind, Is.EqualTo(DateTimeKind.Local));
            }

            [Test]
            public void ToDateTime_WithDateTimeOffset_ReturnsUtcConverted()
            {
                var schema = UserDateSchema.FromString("2024-06-20T14:00:00.000+05:30");

                var result = schema.ToDateTime(TimeZoneInfo.Utc);

                Assert.That(result, Is.Not.Null);
                Assert.That(result!.Value.Kind, Is.EqualTo(DateTimeKind.Utc));
                Assert.That(result.Value, Is.EqualTo(new DateTime(2024, 6, 20, 8, 30, 0, DateTimeKind.Utc)));
            }

            [Test]
            public void ToDateTime_WithMalformedStringAndTargetTimeZone_ReturnsNull()
            {
                var schema = UserDateSchema.FromString("not-a-date");

                var result = schema.ToDateTime(TimeZoneInfo.Utc);

                Assert.That(result, Is.Null);
            }

            [Test]
            public void ToDateTime_WithNullTargetTimeZone_ThrowsArgumentNullException()
            {
                var schema = UserDateSchema.FromString("2024-03-15T10:30:00.000Z");

                Assert.Throws<ArgumentNullException>(() => schema.ToDateTime(null!));
            }
        }
    user_owned: true
  - id: patch-composite-f898e213
    content_hash: sha256:d56e03ed340b1721f26a4d7a53e8da154be48eaaeeab6b38eb1f58493a06cbf2
    original_commit: f898e213a3bde5c59096e7f5eb940e6fd76c26d8
    original_message: Customer customizations (composite)
    original_author: composite
    base_generation: 6d43cb21ef33ed0258702dd8e9c5259632963b9f
    files:
      - src/Auth0.ManagementApi/Core/JsonConfiguration.cs
      - tests/Auth0.ManagementApi.Test/Auth0.ManagementApi.Test.csproj
    patch_content: |
      diff --git a/src/Auth0.ManagementApi/Core/JsonConfiguration.cs b/src/Auth0.ManagementApi/Core/JsonConfiguration.cs
      index 2ef97a37..7588e83c 100644
      --- a/src/Auth0.ManagementApi/Core/JsonConfiguration.cs
      +++ b/src/Auth0.ManagementApi/Core/JsonConfiguration.cs
      @@ -17,6 +17,7 @@ static JsonOptions()
               var options = new JsonSerializerOptions
               {
                   Converters = { new DateTimeSerializer(),
      +                new BooleanStringConverter(),
       #if USE_PORTABLE_DATE_ONLY
                       new DateOnlyConverter(),
       #endif
      diff --git a/tests/Auth0.ManagementApi.Test/Auth0.ManagementApi.Test.csproj b/tests/Auth0.ManagementApi.Test/Auth0.ManagementApi.Test.csproj
      index ab18c1f3..63c4abb2 100644
      --- a/tests/Auth0.ManagementApi.Test/Auth0.ManagementApi.Test.csproj
      +++ b/tests/Auth0.ManagementApi.Test/Auth0.ManagementApi.Test.csproj
      @@ -25,7 +25,7 @@
             <PrivateAssets>all</PrivateAssets>
             <IncludeAssets>runtime; build; native; contentfiles; analyzers; buildtransitive</IncludeAssets>
           </PackageReference>
      -    <PackageReference Include="WireMock.Net" Version="2.6.0" />
      +    <PackageReference Include="WireMock.Net" Version="2.7.0" />
         </ItemGroup>
       
         <ItemGroup>
    theirs_snapshot:
      src/Auth0.ManagementApi/Core/JsonConfiguration.cs: |
        using global::System.Reflection;
        using global::System.Text.Encodings.Web;
        using global::System.Text.Json;
        using global::System.Text.Json.Nodes;
        using global::System.Text.Json.Serialization;
        using global::System.Text.Json.Serialization.Metadata;

        namespace Auth0.ManagementApi.Core;

        internal static partial class JsonOptions
        {
            internal static readonly JsonSerializerOptions JsonSerializerOptions;
            internal static readonly JsonSerializerOptions JsonSerializerOptionsRelaxedEscaping;

            static JsonOptions()
            {
                var options = new JsonSerializerOptions
                {
                    Converters = { new DateTimeSerializer(),
                        new BooleanStringConverter(),
        #if USE_PORTABLE_DATE_ONLY
                        new DateOnlyConverter(),
        #endif
                        new OptionalJsonConverterFactory() },
        #if DEBUG
                    WriteIndented = true,
        #endif
                    DefaultIgnoreCondition = JsonIgnoreCondition.WhenWritingNull,
                    TypeInfoResolver = new DefaultJsonTypeInfoResolver
                    {
                        Modifiers =
                        {
                            NullableOptionalModifier,
                            JsonAccessAndIgnoreModifier,
                            HandleExtensionDataFields,
                        },
                    },
                };
                ConfigureJsonSerializerOptions(options);
                JsonSerializerOptions = options;

                var relaxedOptions = new JsonSerializerOptions(options)
                {
                    Encoder = JavaScriptEncoder.UnsafeRelaxedJsonEscaping,
                };
                JsonSerializerOptionsRelaxedEscaping = relaxedOptions;
            }

            private static void NullableOptionalModifier(JsonTypeInfo typeInfo)
            {
                if (typeInfo.Kind != JsonTypeInfoKind.Object)
                    return;

                foreach (var property in typeInfo.Properties)
                {
                    var propertyInfo = property.AttributeProvider as global::System.Reflection.PropertyInfo;

                    if (propertyInfo is null)
                        continue;

                    // Check for ReadOnly JsonAccessAttribute - it overrides Optional/Nullable behavior
                    var jsonAccessAttribute = propertyInfo.GetCustomAttribute<JsonAccessAttribute>();
                    if (jsonAccessAttribute?.AccessType == JsonAccessType.ReadOnly)
                    {
                        // ReadOnly means "never serialize", which completely overrides Optional/Nullable.
                        // Skip Optional/Nullable processing since JsonAccessAndIgnoreModifier
                        // will set ShouldSerialize = false anyway.
                        continue;
                    }
                    // Note: WriteOnly doesn't conflict with Optional/Nullable since it only
                    // affects deserialization (Set), not serialization (ShouldSerialize)

                    var isOptionalType =
                        property.PropertyType.IsGenericType
                        && property.PropertyType.GetGenericTypeDefinition() == typeof(Optional<>);

                    var hasOptionalAttribute =
                        propertyInfo.GetCustomAttribute<OptionalAttribute>() is not null;
                    var hasNullableAttribute =
                        propertyInfo.GetCustomAttribute<NullableAttribute>() is not null;

                    if (isOptionalType && hasOptionalAttribute)
                    {
                        var originalGetter = property.Get;
                        if (originalGetter is not null)
                        {
                            var capturedIsNullable = hasNullableAttribute;

                            property.ShouldSerialize = (obj, value) =>
                            {
                                var optionalValue = originalGetter(obj);
                                if (optionalValue is not IOptional optional)
                                    return false;

                                if (!optional.IsDefined)
                                    return false;

                                if (!capturedIsNullable)
                                {
                                    var innerValue = optional.GetBoxedValue();
                                    if (innerValue is null)
                                        return false;
                                }

                                return true;
                            };
                        }
                    }
                    else if (hasNullableAttribute)
                    {
                        // Force serialization of nullable properties even when null
                        property.ShouldSerialize = (obj, value) => true;
                    }
                }
            }

            private static void JsonAccessAndIgnoreModifier(JsonTypeInfo typeInfo)
            {
                if (typeInfo.Kind != JsonTypeInfoKind.Object)
                    return;

                foreach (var propertyInfo in typeInfo.Properties)
                {
                    var jsonAccessAttribute = propertyInfo
                        .AttributeProvider?.GetCustomAttributes(typeof(JsonAccessAttribute), true)
                        .OfType<JsonAccessAttribute>()
                        .FirstOrDefault();

                    if (jsonAccessAttribute is not null)
                    {
                        propertyInfo.IsRequired = false;
                        switch (jsonAccessAttribute.AccessType)
                        {
                            case JsonAccessType.ReadOnly:
                                propertyInfo.ShouldSerialize = (_, _) => false;
                                break;
                            case JsonAccessType.WriteOnly:
                                propertyInfo.Set = null;
                                break;
                            default:
                                throw new ArgumentOutOfRangeException();
                        }
                    }

                    var jsonIgnoreAttribute = propertyInfo
                        .AttributeProvider?.GetCustomAttributes(typeof(JsonIgnoreAttribute), true)
                        .OfType<JsonIgnoreAttribute>()
                        .FirstOrDefault();

                    if (jsonIgnoreAttribute is not null)
                    {
                        propertyInfo.IsRequired = false;
                    }
                }
            }

            private static void HandleExtensionDataFields(JsonTypeInfo typeInfo)
            {
                if (
                    typeInfo.Kind == JsonTypeInfoKind.Object
                    && typeInfo.Properties.All(prop => !prop.IsExtensionData)
                )
                {
                    var extensionProp = typeInfo
                        .Type.GetFields(BindingFlags.Instance | BindingFlags.NonPublic)
                        .FirstOrDefault(prop =>
                            prop.GetCustomAttribute<JsonExtensionDataAttribute>() is not null
                        );

                    if (extensionProp is not null)
                    {
                        var jsonPropertyInfo = typeInfo.CreateJsonPropertyInfo(
                            extensionProp.FieldType,
                            extensionProp.Name
                        );
                        jsonPropertyInfo.Get = extensionProp.GetValue;
                        jsonPropertyInfo.Set = extensionProp.SetValue;
                        jsonPropertyInfo.IsExtensionData = true;
                        typeInfo.Properties.Add(jsonPropertyInfo);
                    }
                }
            }

            static partial void ConfigureJsonSerializerOptions(JsonSerializerOptions defaultOptions);
        }

        internal static class JsonUtils
        {
            internal static string Serialize<T>(T obj) =>
                JsonSerializer.Serialize(obj, JsonOptions.JsonSerializerOptions);

            internal static string Serialize(object obj, global::System.Type type) =>
                JsonSerializer.Serialize(obj, type, JsonOptions.JsonSerializerOptions);

            internal static string SerializeRelaxedEscaping<T>(T obj) =>
                JsonSerializer.Serialize(obj, JsonOptions.JsonSerializerOptionsRelaxedEscaping);

            internal static string SerializeRelaxedEscaping(object obj, global::System.Type type) =>
                JsonSerializer.Serialize(obj, type, JsonOptions.JsonSerializerOptionsRelaxedEscaping);

            internal static JsonElement SerializeToElement<T>(T obj) =>
                JsonSerializer.SerializeToElement(obj, JsonOptions.JsonSerializerOptions);

            internal static JsonElement SerializeToElement(object obj, global::System.Type type) =>
                JsonSerializer.SerializeToElement(obj, type, JsonOptions.JsonSerializerOptions);

            internal static JsonDocument SerializeToDocument<T>(T obj) =>
                JsonSerializer.SerializeToDocument(obj, JsonOptions.JsonSerializerOptions);

            internal static JsonNode? SerializeToNode<T>(T obj) =>
                JsonSerializer.SerializeToNode(obj, JsonOptions.JsonSerializerOptions);

            internal static byte[] SerializeToUtf8Bytes<T>(T obj) =>
                JsonSerializer.SerializeToUtf8Bytes(obj, JsonOptions.JsonSerializerOptions);

            internal static string SerializeWithAdditionalProperties<T>(
                T obj,
                object? additionalProperties = null
            )
            {
                if (additionalProperties is null)
                {
                    return Serialize(obj);
                }
                var additionalPropertiesJsonNode = SerializeToNode(additionalProperties);
                if (additionalPropertiesJsonNode is not JsonObject additionalPropertiesJsonObject)
                {
                    throw new InvalidOperationException(
                        "The additional properties must serialize to a JSON object."
                    );
                }
                var jsonNode = SerializeToNode(obj);
                if (jsonNode is not JsonObject jsonObject)
                {
                    throw new InvalidOperationException(
                        "The serialized object must be a JSON object to add properties."
                    );
                }
                MergeJsonObjects(jsonObject, additionalPropertiesJsonObject);
                return jsonObject.ToJsonString(JsonOptions.JsonSerializerOptions);
            }

            private static void MergeJsonObjects(JsonObject baseObject, JsonObject overrideObject)
            {
                foreach (var property in overrideObject)
                {
                    if (!baseObject.TryGetPropertyValue(property.Key, out JsonNode? existingValue))
                    {
                        baseObject[property.Key] = property.Value is not null
                            ? JsonNode.Parse(property.Value.ToJsonString())
                            : null;
                        continue;
                    }
                    if (
                        existingValue is JsonObject nestedBaseObject
                        && property.Value is JsonObject nestedOverrideObject
                    )
                    {
                        // If both values are objects, recursively merge them.
                        MergeJsonObjects(nestedBaseObject, nestedOverrideObject);
                        continue;
                    }
                    // Otherwise, the overrideObject takes precedence.
                    baseObject[property.Key] = property.Value is not null
                        ? JsonNode.Parse(property.Value.ToJsonString())
                        : null;
                }
            }

            internal static T Deserialize<T>(string json) =>
                JsonSerializer.Deserialize<T>(json, JsonOptions.JsonSerializerOptions)!;

            internal static bool TryDeserialize<T>(string json, out T? result)
                where T : class
            {
                try
                {
                    result = Deserialize<T>(json);
                    return true;
                }
                catch (global::System.Exception)
                {
                    result = null;
                    return false;
                }
            }

            internal static bool TryDeserialize<T>(string json, out T? result)
                where T : struct
            {
                try
                {
                    result = Deserialize<T>(json);
                    return true;
                }
                catch (global::System.Exception)
                {
                    result = null;
                    return false;
                }
            }

            internal static bool TryDeserialize<T>(JsonDocument json, out T? result)
                where T : class
            {
                try
                {
                    result = json.Deserialize<T>(JsonOptions.JsonSerializerOptions);
                    return true;
                }
                catch (global::System.Exception)
                {
                    result = null;
                    return false;
                }
            }

            internal static bool TryDeserialize<T>(JsonDocument json, out T? result)
                where T : struct
            {
                try
                {
                    result = json.Deserialize<T>(JsonOptions.JsonSerializerOptions);
                    return true;
                }
                catch (global::System.Exception)
                {
                    result = null;
                    return false;
                }
            }
        }
      tests/Auth0.ManagementApi.Test/Auth0.ManagementApi.Test.csproj: |
        <Project Sdk="Microsoft.NET.Sdk">
          <PropertyGroup>
            <TargetFramework>net9.0</TargetFramework>
            <LangVersion>12</LangVersion>
            <ImplicitUsings>enable</ImplicitUsings>
            <Nullable>enable</Nullable>
            <IsPackable>false</IsPackable>
            <IsTestProject>true</IsTestProject>
            <PolySharpIncludeRuntimeSupportedAttributes>true</PolySharpIncludeRuntimeSupportedAttributes>
          </PropertyGroup>

          <ItemGroup>
            <PackageReference Include="PolySharp" Version="1.15.0">
              <IncludeAssets>runtime; build; native; contentfiles; analyzers; buildtransitive</IncludeAssets>
              <PrivateAssets>all</PrivateAssets>
            </PackageReference>
            <PackageReference Include="Microsoft.NET.Test.Sdk" Version="18.3.0" />
            <PackageReference Include="NUnit" Version="4.5.1" />
            <PackageReference Include="NUnit3TestAdapter" Version="6.2.0" />
            <PackageReference Include="NUnit.Analyzers" Version="4.12.0">
              <PrivateAssets>all</PrivateAssets>
              <IncludeAssets>runtime; build; native; contentfiles; analyzers; buildtransitive</IncludeAssets>
            </PackageReference>
            <PackageReference Include="coverlet.collector" Version="8.0.1">
              <PrivateAssets>all</PrivateAssets>
              <IncludeAssets>runtime; build; native; contentfiles; analyzers; buildtransitive</IncludeAssets>
            </PackageReference>
            <PackageReference Include="WireMock.Net" Version="2.7.0" />
          </ItemGroup>

          <ItemGroup>
            <ProjectReference Include="..\..\src\Auth0.ManagementApi\Auth0.ManagementApi.csproj" />
          </ItemGroup>

          <Import
            Project="Auth0.ManagementApi.Test.Custom.props"
            Condition="Exists('Auth0.ManagementApi.Test.Custom.props')"
          />
        </Project>
    user_owned: true
