
Microsoft Visual Studio Solution File, Format Version 12.00
# Visual Studio 14
VisualStudioVersion = 14.0.24627.0
MinimumVisualStudioVersion = 10.0.40219.1
Project("{2150E333-8FDC-42A3-9474-1A3956D46DE8}") = "nuget", "nuget", "{D3999165-E653-4700-91EE-130A27450FB5}"
	ProjectSection(SolutionItems) = preProject
		nuget\Auth0.nuspec = nuget\Auth0.nuspec
	EndProjectSection
EndProject
Project("{2150E333-8FDC-42A3-9474-1A3956D46DE8}") = "src", "src", "{C9550C3F-90EB-42C0-B530-E728566A13C2}"
EndProject
Project("{FAE04EC0-301F-11D3-BF4B-00C04F79EFBC}") = "Auth0.Core", "src\Auth0.Core\Auth0.Core.csproj", "{C5395825-EF6D-438E-9E22-95975F1276E8}"
EndProject
Project("{FAE04EC0-301F-11D3-BF4B-00C04F79EFBC}") = "Auth0.ManagementApi.Client", "src\Auth0.ManagementApi.Client\Auth0.ManagementApi.Client.csproj", "{01898E06-FA70-42B8-AE35-28D2BACDFBD7}"
EndProject
Project("{2150E333-8FDC-42A3-9474-1A3956D46DE8}") = "tests", "tests", "{0EBAD055-E431-443B-8212-411D1AFE3796}"
EndProject
Project("{FAE04EC0-301F-11D3-BF4B-00C04F79EFBC}") = "ConsoleTestWorkbench", "tests\ConsoleTestWorkbench\ConsoleTestWorkbench.csproj", "{779564FF-1CEE-4C4F-A867-F8A0EA60FC03}"
EndProject
Project("{FAE04EC0-301F-11D3-BF4B-00C04F79EFBC}") = "Auth0.ManagementApi.Client.IntegrationTests", "tests\Auth0.ManagementApi.Client.IntegrationTests\Auth0.ManagementApi.Client.IntegrationTests.csproj", "{BFD5E1F6-053E-490E-AE4E-8CF12F74FFE6}"
EndProject
Project("{FAE04EC0-301F-11D3-BF4B-00C04F79EFBC}") = "Auth0.AuthenticationApi.Client", "src\Auth0.AuthenticationApi.Client\Auth0.AuthenticationApi.Client.csproj", "{6225AD9D-983E-42BB-825B-A36B143D4D31}"
EndProject
Project("{FAE04EC0-301F-11D3-BF4B-00C04F79EFBC}") = "Auth0.AuthenticationApi.Client.IntegrationTests", "tests\Auth0.AuthenticationApi.Client.IntegrationTests\Auth0.AuthenticationApi.Client.IntegrationTests.csproj", "{174CFC4B-5544-4151-969B-0B9F16087349}"
EndProject
Global
	GlobalSection(SolutionConfigurationPlatforms) = preSolution
		Debug|Any CPU = Debug|Any CPU
		Release|Any CPU = Release|Any CPU
	EndGlobalSection
	GlobalSection(ProjectConfigurationPlatforms) = postSolution
		{C5395825-EF6D-438E-9E22-95975F1276E8}.Debug|Any CPU.ActiveCfg = Debug|Any CPU
		{C5395825-EF6D-438E-9E22-95975F1276E8}.Debug|Any CPU.Build.0 = Debug|Any CPU
		{C5395825-EF6D-438E-9E22-95975F1276E8}.Release|Any CPU.ActiveCfg = Release|Any CPU
		{C5395825-EF6D-438E-9E22-95975F1276E8}.Release|Any CPU.Build.0 = Release|Any CPU
		{01898E06-FA70-42B8-AE35-28D2BACDFBD7}.Debug|Any CPU.ActiveCfg = Debug|Any CPU
		{01898E06-FA70-42B8-AE35-28D2BACDFBD7}.Debug|Any CPU.Build.0 = Debug|Any CPU
		{01898E06-FA70-42B8-AE35-28D2BACDFBD7}.Release|Any CPU.ActiveCfg = Release|Any CPU
		{01898E06-FA70-42B8-AE35-28D2BACDFBD7}.Release|Any CPU.Build.0 = Release|Any CPU
		{779564FF-1CEE-4C4F-A867-F8A0EA60FC03}.Debug|Any CPU.ActiveCfg = Debug|Any CPU
		{779564FF-1CEE-4C4F-A867-F8A0EA60FC03}.Debug|Any CPU.Build.0 = Debug|Any CPU
		{779564FF-1CEE-4C4F-A867-F8A0EA60FC03}.Release|Any CPU.ActiveCfg = Release|Any CPU
		{779564FF-1CEE-4C4F-A867-F8A0EA60FC03}.Release|Any CPU.Build.0 = Release|Any CPU
		{BFD5E1F6-053E-490E-AE4E-8CF12F74FFE6}.Debug|Any CPU.ActiveCfg = Debug|Any CPU
		{BFD5E1F6-053E-490E-AE4E-8CF12F74FFE6}.Debug|Any CPU.Build.0 = Debug|Any CPU
		{BFD5E1F6-053E-490E-AE4E-8CF12F74FFE6}.Release|Any CPU.ActiveCfg = Release|Any CPU
		{BFD5E1F6-053E-490E-AE4E-8CF12F74FFE6}.Release|Any CPU.Build.0 = Release|Any CPU
		{6225AD9D-983E-42BB-825B-A36B143D4D31}.Debug|Any CPU.ActiveCfg = Debug|Any CPU
		{6225AD9D-983E-42BB-825B-A36B143D4D31}.Debug|Any CPU.Build.0 = Debug|Any CPU
		{6225AD9D-983E-42BB-825B-A36B143D4D31}.Release|Any CPU.ActiveCfg = Release|Any CPU
		{6225AD9D-983E-42BB-825B-A36B143D4D31}.Release|Any CPU.Build.0 = Release|Any CPU
		{174CFC4B-5544-4151-969B-0B9F16087349}.Debug|Any CPU.ActiveCfg = Debug|Any CPU
		{174CFC4B-5544-4151-969B-0B9F16087349}.Debug|Any CPU.Build.0 = Debug|Any CPU
		{174CFC4B-5544-4151-969B-0B9F16087349}.Release|Any CPU.ActiveCfg = Release|Any CPU
		{174CFC4B-5544-4151-969B-0B9F16087349}.Release|Any CPU.Build.0 = Release|Any CPU
	EndGlobalSection
	GlobalSection(SolutionProperties) = preSolution
		HideSolutionNode = FALSE
	EndGlobalSection
	GlobalSection(NestedProjects) = preSolution
		{C5395825-EF6D-438E-9E22-95975F1276E8} = {C9550C3F-90EB-42C0-B530-E728566A13C2}
		{01898E06-FA70-42B8-AE35-28D2BACDFBD7} = {C9550C3F-90EB-42C0-B530-E728566A13C2}
		{779564FF-1CEE-4C4F-A867-F8A0EA60FC03} = {0EBAD055-E431-443B-8212-411D1AFE3796}
		{BFD5E1F6-053E-490E-AE4E-8CF12F74FFE6} = {0EBAD055-E431-443B-8212-411D1AFE3796}
		{6225AD9D-983E-42BB-825B-A36B143D4D31} = {C9550C3F-90EB-42C0-B530-E728566A13C2}
		{174CFC4B-5544-4151-969B-0B9F16087349} = {0EBAD055-E431-443B-8212-411D1AFE3796}
	EndGlobalSection
EndGlobal
